# -------------------------------------------------------------------------- #
#
# Copyright (C) 1991-2013 Altera Corporation
# Your use of Altera Corporation's design tools, logic functions 
# and other software and tools, and its AMPP partner logic 
# functions, and any output files from any of the foregoing 
# (including device programming or simulation files), and any 
# associated documentation or information are expressly subject 
# to the terms and conditions of the Altera Program License 
# Subscription Agreement, Altera MegaCore Function License 
# Agreement, or other applicable license agreement, including, 
# without limitation, that your use is for the sole purpose of 
# programming logic devices manufactured by Altera and sold by 
# Altera or its authorized distributors.  Please refer to the 
# applicable agreement for further details.
#
# -------------------------------------------------------------------------- #
#
# Quartus II 64-Bit
# Version 13.1.0 Build 162 10/23/2013 SJ Full Version
# Date created = 16:52:35  March 10, 2026
#
# -------------------------------------------------------------------------- #
#
# Notes:
#
# 1) The default values for assignments are stored in the file:
#		Rom_Test_assignment_defaults.qdf
#    If this file doesn't exist, see file:
#		assignment_defaults.qdf
#
# 2) Altera recommends that you do not modify this file. This
#    file is updated automatically by the Quartus II software
#    and any changes you make may be lost or overwritten.
#
# -------------------------------------------------------------------------- #

set_global_assignment -name FAMILY "Cyclone IV E"
set_global_assignment -name DEVICE EP4CE10F17C8
set_global_assignment -name TOP_LEVEL_ENTITY top
set_global_assignment -name ORIGINAL_QUARTUS_VERSION 13.1
set_global_assignment -name PROJECT_CREATION_TIME_DATE "16:52:35  MARCH 10, 2026"
set_global_assignment -name LAST_QUARTUS_VERSION 13.1
set_global_assignment -name PROJECT_OUTPUT_DIRECTORY output_files
set_global_assignment -name MIN_CORE_JUNCTION_TEMP 0
set_global_assignment -name MAX_CORE_JUNCTION_TEMP 85
set_global_assignment -name ERROR_CHECK_FREQUENCY_DIVISOR 1
set_global_assignment -name NOMINAL_CORE_SUPPLY_VOLTAGE 1.2V
set_global_assignment -name STRATIX_DEVICE_IO_STANDARD "2.5 V"

# ===================================================
# 1. 时钟与复位
# ===================================================
set_location_assignment PIN_M16 -to clk_50m
set_location_assignment PIN_M12 -to rst_n
set_instance_assignment -name IO_STANDARD "3.3-V LVTTL" -to clk_50m
set_instance_assignment -name IO_STANDARD "3.3-V LVTTL" -to rst_n

# ===================================================
# 2. CH368 数据线 (按照你的新表格 P2排针)
# ===================================================
set_location_assignment PIN_M8 -to ch368_data[0]
set_location_assignment PIN_L8 -to ch368_data[1]
set_location_assignment PIN_L7 -to ch368_data[2]
set_location_assignment PIN_T6 -to ch368_data[3]
set_location_assignment PIN_R6 -to ch368_data[4]
set_location_assignment PIN_N8 -to ch368_data[5]
set_location_assignment PIN_P8 -to ch368_data[6]
set_location_assignment PIN_K9 -to ch368_data[7]
set_instance_assignment -name IO_STANDARD "3.3-V LVTTL" -to ch368_data[*]

# ===================================================
# 3. CH368 地址线 (按照你的新表格 P2排针)
# ===================================================
set_location_assignment PIN_M9 -to ch368_addr[0]
set_location_assignment PIN_P9 -to ch368_addr[1]
set_location_assignment PIN_N9 -to ch368_addr[2]
set_location_assignment PIN_M10 -to ch368_addr[3]
set_location_assignment PIN_P11 -to ch368_addr[4]
set_location_assignment PIN_N11 -to ch368_addr[5]
set_location_assignment PIN_R7 -to ch368_addr[6]
set_location_assignment PIN_L10 -to ch368_addr[7]
set_instance_assignment -name IO_STANDARD "3.3-V LVTTL" -to ch368_addr[*]

# ===================================================
# 4. CH368 控制线与闲置片选
# ===================================================
set_location_assignment PIN_T9 -to ch368_wr_n
set_location_assignment PIN_T10 -to ch368_rd_n
set_location_assignment PIN_P14 -to ch368_cs_n
set_instance_assignment -name IO_STANDARD "3.3-V LVTTL" -to ch368_wr_n
set_instance_assignment -name IO_STANDARD "3.3-V LVTTL" -to ch368_rd_n
set_instance_assignment -name IO_STANDARD "3.3-V LVTTL" -to ch368_cs_n

# ===================================================
# 5. 编码器与外设 (全新多通道映射)
# ===================================================

# --- 光源数组 (8个通道) ---
# 根据表格 1# ~ 6#
set_location_assignment PIN_A15 -to light_out[0]
set_location_assignment PIN_F11 -to light_out[1]
set_location_assignment PIN_A12 -to light_out[2]
set_location_assignment PIN_A10 -to light_out[3]
set_location_assignment PIN_D8 -to light_out[4]
set_location_assignment PIN_B6 -to light_out[5]


# ===================================================
# 【新增】：外设与杂项控制引脚 (基于 Excel 表格分配)
# ===================================================

# --- 硬件急停输入 ---
# 表格：急停 -> P3 第 22 脚 -> PIN A6 (IN23)


# --- 相机数组 (8个通道) ---
# 根据表格 1# ~ 6#
set_location_assignment PIN_A14 -to camera_out[0]
set_location_assignment PIN_A13 -to camera_out[1]
set_location_assignment PIN_A11 -to camera_out[2]
set_location_assignment PIN_A9 -to camera_out[3]
set_location_assignment PIN_B7 -to camera_out[4]
set_location_assignment PIN_D11 -to camera_out[5]


# --- 气阀与传感器 ---
# 注意：你的 top.v 里叫 rej_out，这里必须同步修改！

set_location_assignment PIN_A7 -to sensor_in

# --- 电机与编码器 ---
set_location_assignment PIN_C6 -to motor_pwm_out
set_location_assignment PIN_D12 -to motor_en_out
set_location_assignment PIN_C11 -to motor_dir_out
set_location_assignment PIN_E11 -to enc_a
set_location_assignment PIN_F6 -to enc_b
set_location_assignment PIN_T12 -to enc_z

# ===================================================
# 统一设置 3.3-V LVTTL 电平标准
# ===================================================
# 使用通配符 [*] 可以一次性为整个数组设置电平标准，极其优雅！
set_instance_assignment -name IO_STANDARD "3.3-V LVTTL" -to light_out[*]
set_instance_assignment -name IO_STANDARD "3.3-V LVTTL" -to camera_out[*]

set_instance_assignment -name IO_STANDARD "3.3-V LVTTL" -to motor_pwm_out
set_instance_assignment -name IO_STANDARD "3.3-V LVTTL" -to motor_en_out
set_instance_assignment -name IO_STANDARD "3.3-V LVTTL" -to motor_dir_out
set_instance_assignment -name IO_STANDARD "3.3-V LVTTL" -to enc_a
set_instance_assignment -name IO_STANDARD "3.3-V LVTTL" -to enc_b
set_instance_assignment -name IO_STANDARD "3.3-V LVTTL" -to enc_z

# ===================================================
# 6. 编译及文件设置
# ===================================================
set_global_assignment -name POWER_PRESET_COOLING_SOLUTION "23 MM HEAT SINK WITH 200 LFPM AIRFLOW"
set_global_assignment -name POWER_BOARD_THERMAL_MODEL "NONE (CONSERVATIVE)"
set_global_assignment -name PARTITION_NETLIST_TYPE SOURCE -section_id Top
set_global_assignment -name PARTITION_FITTER_PRESERVATION_LEVEL PLACEMENT_AND_ROUTING -section_id Top
set_global_assignment -name PARTITION_COLOR 16764057 -section_id Top

set_global_assignment -name VERILOG_FILE src/ch368_interface.v
set_global_assignment -name VERILOG_FILE src/workpiece_tracker.v
set_global_assignment -name VERILOG_FILE src/encoder.v
set_global_assignment -name VERILOG_FILE src/motor.v
set_global_assignment -name VERILOG_FILE src/top.v


# ===================================================
# 7. SignalTap 基本设置 (清理了报废的探针节点)
# ===================================================
set_global_assignment -name ENABLE_SIGNALTAP OFF
set_global_assignment -name USE_SIGNALTAP_FILE output_files/stp1.stp
set_global_assignment -name QIP_FILE ip/workpieces_ram.qip
set_global_assignment -name VERILOG_FILE src/cam_light_channel.v
set_global_assignment -name VERILOG_FILE src/valve_ctrl.v

set_global_assignment -name CDF_FILE output_files/Chain1.cdf
set_global_assignment -name CDF_FILE Chain5.cdf
set_global_assignment -name VERILOG_FILE src/misc_io_ctrl.v

# ===================================================
# 15. 硬件急停输入 (新增)
# ===================================================
set_location_assignment PIN_A6 -to hw_estop_in
set_instance_assignment -name IO_STANDARD "3.3-V LVTTL" -to hw_estop_in

set_instance_assignment -name IO_STANDARD "3.3-V LVTTL" -to valve_out[3]
set_instance_assignment -name IO_STANDARD "3.3-V LVTTL" -to valve_out[2]
set_instance_assignment -name IO_STANDARD "3.3-V LVTTL" -to valve_out[1]
set_instance_assignment -name IO_STANDARD "3.3-V LVTTL" -to valve_out[0]
set_location_assignment PIN_E10 -to valve_out[0]
set_location_assignment PIN_D9 -to valve_out[1]
set_location_assignment PIN_F9 -to valve_out[2]
set_location_assignment PIN_E8 -to valve_out[3]
set_global_assignment -name CDF_FILE output_files/Chain2.cdf
set_global_assignment -name CDF_FILE output_files/Chain3.cdf
set_global_assignment -name CDF_FILE output_files/Chain.cdf
set_location_assignment PIN_B14 -to misc_feeder
set_location_assignment PIN_C9 -to misc_buzzer
set_location_assignment PIN_B9 -to misc_led_g
set_location_assignment PIN_B11 -to misc_led_r
set_location_assignment PIN_B10 -to misc_led_y
set_location_assignment PIN_B13 -to misc_vibrator
set_instance_assignment -name IO_STANDARD "3.3-V LVTTL" -to misc_buzzer
set_instance_assignment -name IO_STANDARD "3.3-V LVTTL" -to misc_feeder
set_instance_assignment -name IO_STANDARD "3.3-V LVTTL" -to misc_led_g
set_instance_assignment -name IO_STANDARD "3.3-V LVTTL" -to misc_led_r
set_instance_assignment -name IO_STANDARD "3.3-V LVTTL" -to misc_led_y
set_instance_assignment -name IO_STANDARD "3.3-V LVTTL" -to misc_vibrator
set_instance_assignment -name PARTITION_HIERARCHY root_partition -to | -section_id Top